
Microsoft Visual Studio Solution File, Format Version 12.00
# Visual Studio 14
VisualStudioVersion = 14.0.24606.1
MinimumVisualStudioVersion = 10.0.40219.1
Project("{FAE04EC0-301F-11D3-BF4B-00C04F79EFBC}") = "WinSrvMonitor.Monitor", "Monitor\WinSrvMonitor.Monitor.csproj", "{50425EFD-D1B3-463E-A067-EDEA5B9ED84D}"
EndProject
Project("{FAE04EC0-301F-11D3-BF4B-00C04F79EFBC}") = "WinSrvMonitor.Server", "Server\WinSrvMonitor.Server.csproj", "{40C95A63-FA64-439D-BC1B-C9442AEBA0DD}"
EndProject
Project("{FAE04EC0-301F-11D3-BF4B-00C04F79EFBC}") = "WinSrvMonitor.Messages", "Messages\WinSrvMonitor.Messages.csproj", "{370CF6C3-F849-4E23-B95C-9827B6DFF13D}"
EndProject
Project("{FAE04EC0-301F-11D3-BF4B-00C04F79EFBC}") = "WinSrvMonitor.Client", "Client\WinSrvMonitor.Client.csproj", "{D989BB4D-DA4B-4401-BDD9-A6EB06C25BA3}"
EndProject
Global
	GlobalSection(SolutionConfigurationPlatforms) = preSolution
		Debug|Any CPU = Debug|Any CPU
		Debug|ARM = Debug|ARM
		Debug|x64 = Debug|x64
		Debug|x86 = Debug|x86
		Release|Any CPU = Release|Any CPU
		Release|ARM = Release|ARM
		Release|x64 = Release|x64
		Release|x86 = Release|x86
	EndGlobalSection
	GlobalSection(ProjectConfigurationPlatforms) = postSolution
		{50425EFD-D1B3-463E-A067-EDEA5B9ED84D}.Debug|Any CPU.ActiveCfg = Debug|Any CPU
		{50425EFD-D1B3-463E-A067-EDEA5B9ED84D}.Debug|Any CPU.Build.0 = Debug|Any CPU
		{50425EFD-D1B3-463E-A067-EDEA5B9ED84D}.Debug|ARM.ActiveCfg = Debug|Any CPU
		{50425EFD-D1B3-463E-A067-EDEA5B9ED84D}.Debug|ARM.Build.0 = Debug|Any CPU
		{50425EFD-D1B3-463E-A067-EDEA5B9ED84D}.Debug|x64.ActiveCfg = Debug|Any CPU
		{50425EFD-D1B3-463E-A067-EDEA5B9ED84D}.Debug|x64.Build.0 = Debug|Any CPU
		{50425EFD-D1B3-463E-A067-EDEA5B9ED84D}.Debug|x86.ActiveCfg = Debug|Any CPU
		{50425EFD-D1B3-463E-A067-EDEA5B9ED84D}.Debug|x86.Build.0 = Debug|Any CPU
		{50425EFD-D1B3-463E-A067-EDEA5B9ED84D}.Release|Any CPU.ActiveCfg = Release|Any CPU
		{50425EFD-D1B3-463E-A067-EDEA5B9ED84D}.Release|Any CPU.Build.0 = Release|Any CPU
		{50425EFD-D1B3-463E-A067-EDEA5B9ED84D}.Release|ARM.ActiveCfg = Release|Any CPU
		{50425EFD-D1B3-463E-A067-EDEA5B9ED84D}.Release|ARM.Build.0 = Release|Any CPU
		{50425EFD-D1B3-463E-A067-EDEA5B9ED84D}.Release|x64.ActiveCfg = Release|Any CPU
		{50425EFD-D1B3-463E-A067-EDEA5B9ED84D}.Release|x64.Build.0 = Release|Any CPU
		{50425EFD-D1B3-463E-A067-EDEA5B9ED84D}.Release|x86.ActiveCfg = Release|Any CPU
		{50425EFD-D1B3-463E-A067-EDEA5B9ED84D}.Release|x86.Build.0 = Release|Any CPU
		{40C95A63-FA64-439D-BC1B-C9442AEBA0DD}.Debug|Any CPU.ActiveCfg = Debug|Any CPU
		{40C95A63-FA64-439D-BC1B-C9442AEBA0DD}.Debug|Any CPU.Build.0 = Debug|Any CPU
		{40C95A63-FA64-439D-BC1B-C9442AEBA0DD}.Debug|ARM.ActiveCfg = Debug|Any CPU
		{40C95A63-FA64-439D-BC1B-C9442AEBA0DD}.Debug|ARM.Build.0 = Debug|Any CPU
		{40C95A63-FA64-439D-BC1B-C9442AEBA0DD}.Debug|x64.ActiveCfg = Debug|Any CPU
		{40C95A63-FA64-439D-BC1B-C9442AEBA0DD}.Debug|x64.Build.0 = Debug|Any CPU
		{40C95A63-FA64-439D-BC1B-C9442AEBA0DD}.Debug|x86.ActiveCfg = Debug|Any CPU
		{40C95A63-FA64-439D-BC1B-C9442AEBA0DD}.Debug|x86.Build.0 = Debug|Any CPU
		{40C95A63-FA64-439D-BC1B-C9442AEBA0DD}.Release|Any CPU.ActiveCfg = Release|Any CPU
		{40C95A63-FA64-439D-BC1B-C9442AEBA0DD}.Release|Any CPU.Build.0 = Release|Any CPU
		{40C95A63-FA64-439D-BC1B-C9442AEBA0DD}.Release|ARM.ActiveCfg = Release|Any CPU
		{40C95A63-FA64-439D-BC1B-C9442AEBA0DD}.Release|ARM.Build.0 = Release|Any CPU
		{40C95A63-FA64-439D-BC1B-C9442AEBA0DD}.Release|x64.ActiveCfg = Release|Any CPU
		{40C95A63-FA64-439D-BC1B-C9442AEBA0DD}.Release|x64.Build.0 = Release|Any CPU
		{40C95A63-FA64-439D-BC1B-C9442AEBA0DD}.Release|x86.ActiveCfg = Release|Any CPU
		{40C95A63-FA64-439D-BC1B-C9442AEBA0DD}.Release|x86.Build.0 = Release|Any CPU
		{370CF6C3-F849-4E23-B95C-9827B6DFF13D}.Debug|Any CPU.ActiveCfg = Debug|Any CPU
		{370CF6C3-F849-4E23-B95C-9827B6DFF13D}.Debug|Any CPU.Build.0 = Debug|Any CPU
		{370CF6C3-F849-4E23-B95C-9827B6DFF13D}.Debug|ARM.ActiveCfg = Debug|Any CPU
		{370CF6C3-F849-4E23-B95C-9827B6DFF13D}.Debug|ARM.Build.0 = Debug|Any CPU
		{370CF6C3-F849-4E23-B95C-9827B6DFF13D}.Debug|x64.ActiveCfg = Debug|Any CPU
		{370CF6C3-F849-4E23-B95C-9827B6DFF13D}.Debug|x64.Build.0 = Debug|Any CPU
		{370CF6C3-F849-4E23-B95C-9827B6DFF13D}.Debug|x86.ActiveCfg = Debug|Any CPU
		{370CF6C3-F849-4E23-B95C-9827B6DFF13D}.Debug|x86.Build.0 = Debug|Any CPU
		{370CF6C3-F849-4E23-B95C-9827B6DFF13D}.Release|Any CPU.ActiveCfg = Release|Any CPU
		{370CF6C3-F849-4E23-B95C-9827B6DFF13D}.Release|Any CPU.Build.0 = Release|Any CPU
		{370CF6C3-F849-4E23-B95C-9827B6DFF13D}.Release|ARM.ActiveCfg = Release|Any CPU
		{370CF6C3-F849-4E23-B95C-9827B6DFF13D}.Release|ARM.Build.0 = Release|Any CPU
		{370CF6C3-F849-4E23-B95C-9827B6DFF13D}.Release|x64.ActiveCfg = Release|Any CPU
		{370CF6C3-F849-4E23-B95C-9827B6DFF13D}.Release|x64.Build.0 = Release|Any CPU
		{370CF6C3-F849-4E23-B95C-9827B6DFF13D}.Release|x86.ActiveCfg = Release|Any CPU
		{370CF6C3-F849-4E23-B95C-9827B6DFF13D}.Release|x86.Build.0 = Release|Any CPU
		{D989BB4D-DA4B-4401-BDD9-A6EB06C25BA3}.Debug|Any CPU.ActiveCfg = Debug|Any CPU
		{D989BB4D-DA4B-4401-BDD9-A6EB06C25BA3}.Debug|Any CPU.Build.0 = Debug|Any CPU
		{D989BB4D-DA4B-4401-BDD9-A6EB06C25BA3}.Debug|ARM.ActiveCfg = Debug|Any CPU
		{D989BB4D-DA4B-4401-BDD9-A6EB06C25BA3}.Debug|ARM.Build.0 = Debug|Any CPU
		{D989BB4D-DA4B-4401-BDD9-A6EB06C25BA3}.Debug|x64.ActiveCfg = Debug|Any CPU
		{D989BB4D-DA4B-4401-BDD9-A6EB06C25BA3}.Debug|x64.Build.0 = Debug|Any CPU
		{D989BB4D-DA4B-4401-BDD9-A6EB06C25BA3}.Debug|x86.ActiveCfg = Debug|Any CPU
		{D989BB4D-DA4B-4401-BDD9-A6EB06C25BA3}.Debug|x86.Build.0 = Debug|Any CPU
		{D989BB4D-DA4B-4401-BDD9-A6EB06C25BA3}.Release|Any CPU.ActiveCfg = Release|Any CPU
		{D989BB4D-DA4B-4401-BDD9-A6EB06C25BA3}.Release|Any CPU.Build.0 = Release|Any CPU
		{D989BB4D-DA4B-4401-BDD9-A6EB06C25BA3}.Release|ARM.ActiveCfg = Release|Any CPU
		{D989BB4D-DA4B-4401-BDD9-A6EB06C25BA3}.Release|ARM.Build.0 = Release|Any CPU
		{D989BB4D-DA4B-4401-BDD9-A6EB06C25BA3}.Release|x64.ActiveCfg = Release|Any CPU
		{D989BB4D-DA4B-4401-BDD9-A6EB06C25BA3}.Release|x64.Build.0 = Release|Any CPU
		{D989BB4D-DA4B-4401-BDD9-A6EB06C25BA3}.Release|x86.ActiveCfg = Release|Any CPU
		{D989BB4D-DA4B-4401-BDD9-A6EB06C25BA3}.Release|x86.Build.0 = Release|Any CPU
	EndGlobalSection
	GlobalSection(SolutionProperties) = preSolution
		HideSolutionNode = FALSE
	EndGlobalSection
EndGlobal
